
Microsoft Visual Studio Solution File, Format Version 12.00
# Visual Studio Version 17
VisualStudioVersion = 17.5.002.0
MinimumVisualStudioVersion = 10.0.40219.1
Project("{9A19103F-16F7-4668-BE54-9A1E7A4F7556}") = "demo-webapp", "demo-webapp.csproj", "{C6F5DCD3-B530-45EF-B1EE-C55B951C0A2A}"
EndProject
Global
	GlobalSection(SolutionConfigurationPlatforms) = preSolution
		Debug|Any CPU = Debug|Any CPU
		Release|Any CPU = Release|Any CPU
	EndGlobalSection
	GlobalSection(ProjectConfigurationPlatforms) = postSolution
		{C6F5DCD3-B530-45EF-B1EE-C55B951C0A2A}.Debug|Any CPU.ActiveCfg = Debug|Any CPU
		{C6F5DCD3-B530-45EF-B1EE-C55B951C0A2A}.Debug|Any CPU.Build.0 = Debug|Any CPU
		{C6F5DCD3-B530-45EF-B1EE-C55B951C0A2A}.Release|Any CPU.ActiveCfg = Release|Any CPU
		{C6F5DCD3-B530-45EF-B1EE-C55B951C0A2A}.Release|Any CPU.Build.0 = Release|Any CPU
	EndGlobalSection
	GlobalSection(SolutionProperties) = preSolution
		HideSolutionNode = FALSE
	EndGlobalSection
	GlobalSection(ExtensibilityGlobals) = postSolution
		SolutionGuid = {013E6468-4504-4C4E-892D-63B69B9C41B8}
	EndGlobalSection
EndGlobal
